
Microsoft Visual Studio Solution File, Format Version 12.00
# Visual Studio Version 17
VisualStudioVersion = 17.7.34031.279
MinimumVisualStudioVersion = 10.0.40219.1
Project("{9A19103F-16F7-4668-BE54-9A1E7A4F7556}") = "TempleUprising", "TempleUprising.csproj", "{3A96BACD-F4D5-426B-87E4-F10EACCAEEA6}"
EndProject
Global
	GlobalSection(SolutionConfigurationPlatforms) = preSolution
		Debug|Any CPU = Debug|Any CPU
		Release|Any CPU = Release|Any CPU
	EndGlobalSection
	GlobalSection(ProjectConfigurationPlatforms) = postSolution
		{3A96BACD-F4D5-426B-87E4-F10EACCAEEA6}.Debug|Any CPU.ActiveCfg = Debug|Any CPU
		{3A96BACD-F4D5-426B-87E4-F10EACCAEEA6}.Debug|Any CPU.Build.0 = Debug|Any CPU
		{3A96BACD-F4D5-426B-87E4-F10EACCAEEA6}.Release|Any CPU.ActiveCfg = Release|Any CPU
		{3A96BACD-F4D5-426B-87E4-F10EACCAEEA6}.Release|Any CPU.Build.0 = Release|Any CPU
	EndGlobalSection
	GlobalSection(SolutionProperties) = preSolution
		HideSolutionNode = FALSE
	EndGlobalSection
	GlobalSection(ExtensibilityGlobals) = postSolution
		SolutionGuid = {85CE84A5-799E-4133-BC32-477B8E21A993}
	EndGlobalSection
EndGlobal
